
Microsoft Visual Studio Solution File, Format Version 12.00
# Visual Studio 15
VisualStudioVersion = 15.0.27004.2009
MinimumVisualStudioVersion = 10.0.40219.1
Project("{9A19103F-16F7-4668-BE54-9A1E7A4F7556}") = "C71", "C71\C71.csproj", "{2BDD21DA-9B8D-457C-8952-C6E1F6D5D1A2}"
EndProject
Project("{9A19103F-16F7-4668-BE54-9A1E7A4F7556}") = "C72", "C72\C72.csproj", "{185024E4-DEEE-47B4-97B5-E3F82888F0A2}"
EndProject
Project("{FAE04EC0-301F-11D3-BF4B-00C04F79EFBC}") = "C80Net", "C80Net\C80Net.csproj", "{47F12BC4-9997-4A85-8F23-0F0AD4B1AF12}"
EndProject
Global
	GlobalSection(SolutionConfigurationPlatforms) = preSolution
		Debug|Any CPU = Debug|Any CPU
		Release|Any CPU = Release|Any CPU
	EndGlobalSection
	GlobalSection(ProjectConfigurationPlatforms) = postSolution
		{2BDD21DA-9B8D-457C-8952-C6E1F6D5D1A2}.Debug|Any CPU.ActiveCfg = Debug|Any CPU
		{2BDD21DA-9B8D-457C-8952-C6E1F6D5D1A2}.Debug|Any CPU.Build.0 = Debug|Any CPU
		{2BDD21DA-9B8D-457C-8952-C6E1F6D5D1A2}.Release|Any CPU.ActiveCfg = Release|Any CPU
		{2BDD21DA-9B8D-457C-8952-C6E1F6D5D1A2}.Release|Any CPU.Build.0 = Release|Any CPU
		{185024E4-DEEE-47B4-97B5-E3F82888F0A2}.Debug|Any CPU.ActiveCfg = Debug|Any CPU
		{185024E4-DEEE-47B4-97B5-E3F82888F0A2}.Debug|Any CPU.Build.0 = Debug|Any CPU
		{185024E4-DEEE-47B4-97B5-E3F82888F0A2}.Release|Any CPU.ActiveCfg = Release|Any CPU
		{185024E4-DEEE-47B4-97B5-E3F82888F0A2}.Release|Any CPU.Build.0 = Release|Any CPU
		{47F12BC4-9997-4A85-8F23-0F0AD4B1AF12}.Debug|Any CPU.ActiveCfg = Debug|Any CPU
		{47F12BC4-9997-4A85-8F23-0F0AD4B1AF12}.Debug|Any CPU.Build.0 = Debug|Any CPU
		{47F12BC4-9997-4A85-8F23-0F0AD4B1AF12}.Release|Any CPU.ActiveCfg = Release|Any CPU
		{47F12BC4-9997-4A85-8F23-0F0AD4B1AF12}.Release|Any CPU.Build.0 = Release|Any CPU
	EndGlobalSection
	GlobalSection(SolutionProperties) = preSolution
		HideSolutionNode = FALSE
	EndGlobalSection
	GlobalSection(ExtensibilityGlobals) = postSolution
		SolutionGuid = {143F28F7-A887-4FB3-A829-DB358516EC2A}
	EndGlobalSection
EndGlobal
